
Microsoft Visual Studio Solution File, Format Version 12.00
# Visual Studio 15
VisualStudioVersion = 15.0.28307.852
MinimumVisualStudioVersion = 10.0.40219.1
Project("{FAE04EC0-301F-11D3-BF4B-00C04F79EFBC}") = "Cal", "Cal\Cal.csproj", "{553B3148-2689-4BFA-B9B4-51FBBA662896}"
EndProject
Global
	GlobalSection(SolutionConfigurationPlatforms) = preSolution
		Debug|Any CPU = Debug|Any CPU
		Release|Any CPU = Release|Any CPU
	EndGlobalSection
	GlobalSection(ProjectConfigurationPlatforms) = postSolution
		{553B3148-2689-4BFA-B9B4-51FBBA662896}.Debug|Any CPU.ActiveCfg = Debug|Any CPU
		{553B3148-2689-4BFA-B9B4-51FBBA662896}.Debug|Any CPU.Build.0 = Debug|Any CPU
		{553B3148-2689-4BFA-B9B4-51FBBA662896}.Release|Any CPU.ActiveCfg = Release|Any CPU
		{553B3148-2689-4BFA-B9B4-51FBBA662896}.Release|Any CPU.Build.0 = Release|Any CPU
	EndGlobalSection
	GlobalSection(SolutionProperties) = preSolution
		HideSolutionNode = FALSE
	EndGlobalSection
	GlobalSection(ExtensibilityGlobals) = postSolution
		SolutionGuid = {68D40380-183F-44CB-99F9-2C04F07E3529}
	EndGlobalSection
EndGlobal
